
Microsoft Visual Studio Solution File, Format Version 12.00
# Visual Studio Version 17
VisualStudioVersion = 17.1.32210.238
MinimumVisualStudioVersion = 10.0.40219.1
Project("{FAE04EC0-301F-11D3-BF4B-00C04F79EFBC}") = "ConsoleApp1", "ConsoleApp1.csproj", "{F4C74E7F-9112-4AFD-B703-301BDB92ECD4}"
EndProject
Global
	GlobalSection(SolutionConfigurationPlatforms) = preSolution
		Debug|Any CPU = Debug|Any CPU
		Release|Any CPU = Release|Any CPU
	EndGlobalSection
	GlobalSection(ProjectConfigurationPlatforms) = postSolution
		{F4C74E7F-9112-4AFD-B703-301BDB92ECD4}.Debug|Any CPU.ActiveCfg = Debug|Any CPU
		{F4C74E7F-9112-4AFD-B703-301BDB92ECD4}.Debug|Any CPU.Build.0 = Debug|Any CPU
		{F4C74E7F-9112-4AFD-B703-301BDB92ECD4}.Release|Any CPU.ActiveCfg = Release|Any CPU
		{F4C74E7F-9112-4AFD-B703-301BDB92ECD4}.Release|Any CPU.Build.0 = Release|Any CPU
	EndGlobalSection
	GlobalSection(SolutionProperties) = preSolution
		HideSolutionNode = FALSE
	EndGlobalSection
	GlobalSection(ExtensibilityGlobals) = postSolution
		SolutionGuid = {EC124AEF-DD61-451F-B2F5-AFD74D8FD03E}
	EndGlobalSection
EndGlobal
